
Microsoft Visual Studio Solution File, Format Version 12.00
# Visual Studio Version 17
VisualStudioVersion = 17.7.33913.275
MinimumVisualStudioVersion = 10.0.40219.1
Project("{2150E333-8FDC-42A3-9474-1A3956D46DE8}") = "FrontEnd", "FrontEnd", "{10B7D156-1826-4732-AC02-9921F942395F}"
EndProject
Project("{2150E333-8FDC-42A3-9474-1A3956D46DE8}") = "Services", "Services", "{B5BF6AA2-D077-479E-B603-7FAA9547133D}"
EndProject
Project("{2150E333-8FDC-42A3-9474-1A3956D46DE8}") = "Gateway", "Gateway", "{C1522D97-3E91-4397-AA8B-E6DA6955150A}"
EndProject
Project("{9A19103F-16F7-4668-BE54-9A1E7A4F7556}") = "ExPaper.Auth.API", "Services\ExPaper.Auth.API\ExPaper.Auth.API.csproj", "{2C80009C-E26F-4AC2-891B-AE30745920CC}"
EndProject
Project("{9A19103F-16F7-4668-BE54-9A1E7A4F7556}") = "ExPaper.Global.API", "Services\ExPaper.Global.API\ExPaper.Global.API.csproj", "{3E0F1FA0-A8EA-4D6F-B64E-D5A8804781A8}"
EndProject
Project("{9A19103F-16F7-4668-BE54-9A1E7A4F7556}") = "ExPaper.Web", "FrontEnd\ExPaper.Web\ExPaper.Web.csproj", "{4FFA64E9-91C0-4A76-806F-B09C9D3D4CAC}"
EndProject
Project("{9A19103F-16F7-4668-BE54-9A1E7A4F7556}") = "ExPaper.GatewaySolution", "Gateway\ExPaper.GatewaySolution\ExPaper.GatewaySolution.csproj", "{BED01EC0-12BB-4E26-BE40-B9939F3C4016}"
EndProject
Project("{2150E333-8FDC-42A3-9474-1A3956D46DE8}") = "Shared", "Shared", "{82559A32-9052-4C28-A7D4-AB6120AC20AA}"
EndProject
Project("{9A19103F-16F7-4668-BE54-9A1E7A4F7556}") = "ExPaper.SharedMethods.Lib", "Shared\ExPaper.SharedMethods.Lib\ExPaper.SharedMethods.Lib.csproj", "{AED31005-0918-4993-975F-3F7BF172BB67}"
EndProject
Project("{9A19103F-16F7-4668-BE54-9A1E7A4F7556}") = "ExPaper.SharedModels.Lib", "Shared\ExPaper.SharedModels.Lib\ExPaper.SharedModels.Lib.csproj", "{CCA101D3-C7AD-4ED2-A90F-714FF77F1A39}"
EndProject
Project("{9A19103F-16F7-4668-BE54-9A1E7A4F7556}") = "ExPaper.Message.API", "Services\ExPaper.Message.API\ExPaper.Message.API.csproj", "{CEA9D1BA-9F10-4E9D-B5C8-4C69675FEE19}"
EndProject
Project("{9A19103F-16F7-4668-BE54-9A1E7A4F7556}") = "ExPaper.Document.API", "Services\ExPaper.Document.API\ExPaper.Document.API.csproj", "{182792EF-F154-4B59-BBCD-7A09C04F220A}"
EndProject
Project("{9A19103F-16F7-4668-BE54-9A1E7A4F7556}") = "ExPaper.Folder.API", "Services\ExPaper.Folder.API\ExPaper.Folder.API.csproj", "{3E866E53-6F0D-4222-9575-2F471D7C468E}"
EndProject
Project("{9A19103F-16F7-4668-BE54-9A1E7A4F7556}") = "ExPaper.FolderTab.API", "Services\ExPaper.FolderTab.API\ExPaper.FolderTab.API.csproj", "{E859A194-6BC0-4310-BC9E-A7A6D382C4B9}"
EndProject
Project("{9A19103F-16F7-4668-BE54-9A1E7A4F7556}") = "ExPaper.Organisation.API", "Services\ExPaper.Organisation.API\ExPaper.Organisation.API.csproj", "{BD22054A-A016-4854-8520-D5674020CBE2}"
EndProject
Project("{9A19103F-16F7-4668-BE54-9A1E7A4F7556}") = "ExPaper.User.API", "Services\ExPaper.User.API\ExPaper.User.API.csproj", "{7A6564B6-1132-437D-AB6E-27F0C62FA51C}"
EndProject
Project("{9A19103F-16F7-4668-BE54-9A1E7A4F7556}") = "ExPaper.Mailer.Lib", "Shared\ExPaper.Mailer.Lib\ExPaper.Mailer.Lib.csproj", "{32C9BA60-6723-40A5-B564-F20CE0A0FC86}"
EndProject
Project("{FAE04EC0-301F-11D3-BF4B-00C04F79EFBC}") = "ExPaper.Blazor.WebApp", "FrontEnd\ExPaper.Blazor.WebApp\ExPaper.Blazor.WebApp.csproj", "{ACFF909A-0EAA-4EF8-882A-0A468E3AB30C}"
EndProject
Global
	GlobalSection(SolutionConfigurationPlatforms) = preSolution
		Debug|Any CPU = Debug|Any CPU
		Debug|ARM64 = Debug|ARM64
		Release|Any CPU = Release|Any CPU
		Release|ARM64 = Release|ARM64
	EndGlobalSection
	GlobalSection(ProjectConfigurationPlatforms) = postSolution
		{2C80009C-E26F-4AC2-891B-AE30745920CC}.Debug|Any CPU.ActiveCfg = Debug|Any CPU
		{2C80009C-E26F-4AC2-891B-AE30745920CC}.Debug|Any CPU.Build.0 = Debug|Any CPU
		{2C80009C-E26F-4AC2-891B-AE30745920CC}.Debug|ARM64.ActiveCfg = Debug|ARM64
		{2C80009C-E26F-4AC2-891B-AE30745920CC}.Debug|ARM64.Build.0 = Debug|ARM64
		{2C80009C-E26F-4AC2-891B-AE30745920CC}.Release|Any CPU.ActiveCfg = Release|Any CPU
		{2C80009C-E26F-4AC2-891B-AE30745920CC}.Release|Any CPU.Build.0 = Release|Any CPU
		{2C80009C-E26F-4AC2-891B-AE30745920CC}.Release|ARM64.ActiveCfg = Release|ARM64
		{2C80009C-E26F-4AC2-891B-AE30745920CC}.Release|ARM64.Build.0 = Release|ARM64
		{3E0F1FA0-A8EA-4D6F-B64E-D5A8804781A8}.Debug|Any CPU.ActiveCfg = Debug|Any CPU
		{3E0F1FA0-A8EA-4D6F-B64E-D5A8804781A8}.Debug|Any CPU.Build.0 = Debug|Any CPU
		{3E0F1FA0-A8EA-4D6F-B64E-D5A8804781A8}.Debug|ARM64.ActiveCfg = Debug|ARM64
		{3E0F1FA0-A8EA-4D6F-B64E-D5A8804781A8}.Debug|ARM64.Build.0 = Debug|ARM64
		{3E0F1FA0-A8EA-4D6F-B64E-D5A8804781A8}.Release|Any CPU.ActiveCfg = Release|Any CPU
		{3E0F1FA0-A8EA-4D6F-B64E-D5A8804781A8}.Release|Any CPU.Build.0 = Release|Any CPU
		{3E0F1FA0-A8EA-4D6F-B64E-D5A8804781A8}.Release|ARM64.ActiveCfg = Release|ARM64
		{3E0F1FA0-A8EA-4D6F-B64E-D5A8804781A8}.Release|ARM64.Build.0 = Release|ARM64
		{4FFA64E9-91C0-4A76-806F-B09C9D3D4CAC}.Debug|Any CPU.ActiveCfg = Debug|Any CPU
		{4FFA64E9-91C0-4A76-806F-B09C9D3D4CAC}.Debug|Any CPU.Build.0 = Debug|Any CPU
		{4FFA64E9-91C0-4A76-806F-B09C9D3D4CAC}.Debug|ARM64.ActiveCfg = Debug|ARM64
		{4FFA64E9-91C0-4A76-806F-B09C9D3D4CAC}.Debug|ARM64.Build.0 = Debug|ARM64
		{4FFA64E9-91C0-4A76-806F-B09C9D3D4CAC}.Release|Any CPU.ActiveCfg = Release|Any CPU
		{4FFA64E9-91C0-4A76-806F-B09C9D3D4CAC}.Release|Any CPU.Build.0 = Release|Any CPU
		{4FFA64E9-91C0-4A76-806F-B09C9D3D4CAC}.Release|ARM64.ActiveCfg = Release|ARM64
		{4FFA64E9-91C0-4A76-806F-B09C9D3D4CAC}.Release|ARM64.Build.0 = Release|ARM64
		{BED01EC0-12BB-4E26-BE40-B9939F3C4016}.Debug|Any CPU.ActiveCfg = Debug|Any CPU
		{BED01EC0-12BB-4E26-BE40-B9939F3C4016}.Debug|Any CPU.Build.0 = Debug|Any CPU
		{BED01EC0-12BB-4E26-BE40-B9939F3C4016}.Debug|ARM64.ActiveCfg = Debug|ARM64
		{BED01EC0-12BB-4E26-BE40-B9939F3C4016}.Debug|ARM64.Build.0 = Debug|ARM64
		{BED01EC0-12BB-4E26-BE40-B9939F3C4016}.Release|Any CPU.ActiveCfg = Release|Any CPU
		{BED01EC0-12BB-4E26-BE40-B9939F3C4016}.Release|Any CPU.Build.0 = Release|Any CPU
		{BED01EC0-12BB-4E26-BE40-B9939F3C4016}.Release|ARM64.ActiveCfg = Release|ARM64
		{BED01EC0-12BB-4E26-BE40-B9939F3C4016}.Release|ARM64.Build.0 = Release|ARM64
		{AED31005-0918-4993-975F-3F7BF172BB67}.Debug|Any CPU.ActiveCfg = Debug|Any CPU
		{AED31005-0918-4993-975F-3F7BF172BB67}.Debug|Any CPU.Build.0 = Debug|Any CPU
		{AED31005-0918-4993-975F-3F7BF172BB67}.Debug|ARM64.ActiveCfg = Debug|ARM64
		{AED31005-0918-4993-975F-3F7BF172BB67}.Debug|ARM64.Build.0 = Debug|ARM64
		{AED31005-0918-4993-975F-3F7BF172BB67}.Release|Any CPU.ActiveCfg = Release|Any CPU
		{AED31005-0918-4993-975F-3F7BF172BB67}.Release|Any CPU.Build.0 = Release|Any CPU
		{AED31005-0918-4993-975F-3F7BF172BB67}.Release|ARM64.ActiveCfg = Release|ARM64
		{AED31005-0918-4993-975F-3F7BF172BB67}.Release|ARM64.Build.0 = Release|ARM64
		{CCA101D3-C7AD-4ED2-A90F-714FF77F1A39}.Debug|Any CPU.ActiveCfg = Debug|Any CPU
		{CCA101D3-C7AD-4ED2-A90F-714FF77F1A39}.Debug|Any CPU.Build.0 = Debug|Any CPU
		{CCA101D3-C7AD-4ED2-A90F-714FF77F1A39}.Debug|ARM64.ActiveCfg = Debug|ARM64
		{CCA101D3-C7AD-4ED2-A90F-714FF77F1A39}.Debug|ARM64.Build.0 = Debug|ARM64
		{CCA101D3-C7AD-4ED2-A90F-714FF77F1A39}.Release|Any CPU.ActiveCfg = Release|Any CPU
		{CCA101D3-C7AD-4ED2-A90F-714FF77F1A39}.Release|Any CPU.Build.0 = Release|Any CPU
		{CCA101D3-C7AD-4ED2-A90F-714FF77F1A39}.Release|ARM64.ActiveCfg = Release|ARM64
		{CCA101D3-C7AD-4ED2-A90F-714FF77F1A39}.Release|ARM64.Build.0 = Release|ARM64
		{CEA9D1BA-9F10-4E9D-B5C8-4C69675FEE19}.Debug|Any CPU.ActiveCfg = Debug|Any CPU
		{CEA9D1BA-9F10-4E9D-B5C8-4C69675FEE19}.Debug|Any CPU.Build.0 = Debug|Any CPU
		{CEA9D1BA-9F10-4E9D-B5C8-4C69675FEE19}.Debug|ARM64.ActiveCfg = Debug|ARM64
		{CEA9D1BA-9F10-4E9D-B5C8-4C69675FEE19}.Debug|ARM64.Build.0 = Debug|ARM64
		{CEA9D1BA-9F10-4E9D-B5C8-4C69675FEE19}.Release|Any CPU.ActiveCfg = Release|Any CPU
		{CEA9D1BA-9F10-4E9D-B5C8-4C69675FEE19}.Release|Any CPU.Build.0 = Release|Any CPU
		{CEA9D1BA-9F10-4E9D-B5C8-4C69675FEE19}.Release|ARM64.ActiveCfg = Release|ARM64
		{CEA9D1BA-9F10-4E9D-B5C8-4C69675FEE19}.Release|ARM64.Build.0 = Release|ARM64
		{182792EF-F154-4B59-BBCD-7A09C04F220A}.Debug|Any CPU.ActiveCfg = Debug|Any CPU
		{182792EF-F154-4B59-BBCD-7A09C04F220A}.Debug|Any CPU.Build.0 = Debug|Any CPU
		{182792EF-F154-4B59-BBCD-7A09C04F220A}.Debug|ARM64.ActiveCfg = Debug|ARM64
		{182792EF-F154-4B59-BBCD-7A09C04F220A}.Debug|ARM64.Build.0 = Debug|ARM64
		{182792EF-F154-4B59-BBCD-7A09C04F220A}.Release|Any CPU.ActiveCfg = Release|Any CPU
		{182792EF-F154-4B59-BBCD-7A09C04F220A}.Release|Any CPU.Build.0 = Release|Any CPU
		{182792EF-F154-4B59-BBCD-7A09C04F220A}.Release|ARM64.ActiveCfg = Release|ARM64
		{182792EF-F154-4B59-BBCD-7A09C04F220A}.Release|ARM64.Build.0 = Release|ARM64
		{3E866E53-6F0D-4222-9575-2F471D7C468E}.Debug|Any CPU.ActiveCfg = Debug|Any CPU
		{3E866E53-6F0D-4222-9575-2F471D7C468E}.Debug|Any CPU.Build.0 = Debug|Any CPU
		{3E866E53-6F0D-4222-9575-2F471D7C468E}.Debug|ARM64.ActiveCfg = Debug|ARM64
		{3E866E53-6F0D-4222-9575-2F471D7C468E}.Debug|ARM64.Build.0 = Debug|ARM64
		{3E866E53-6F0D-4222-9575-2F471D7C468E}.Release|Any CPU.ActiveCfg = Release|Any CPU
		{3E866E53-6F0D-4222-9575-2F471D7C468E}.Release|Any CPU.Build.0 = Release|Any CPU
		{3E866E53-6F0D-4222-9575-2F471D7C468E}.Release|ARM64.ActiveCfg = Release|ARM64
		{3E866E53-6F0D-4222-9575-2F471D7C468E}.Release|ARM64.Build.0 = Release|ARM64
		{E859A194-6BC0-4310-BC9E-A7A6D382C4B9}.Debug|Any CPU.ActiveCfg = Debug|Any CPU
		{E859A194-6BC0-4310-BC9E-A7A6D382C4B9}.Debug|Any CPU.Build.0 = Debug|Any CPU
		{E859A194-6BC0-4310-BC9E-A7A6D382C4B9}.Debug|ARM64.ActiveCfg = Debug|ARM64
		{E859A194-6BC0-4310-BC9E-A7A6D382C4B9}.Debug|ARM64.Build.0 = Debug|ARM64
		{E859A194-6BC0-4310-BC9E-A7A6D382C4B9}.Release|Any CPU.ActiveCfg = Release|Any CPU
		{E859A194-6BC0-4310-BC9E-A7A6D382C4B9}.Release|Any CPU.Build.0 = Release|Any CPU
		{E859A194-6BC0-4310-BC9E-A7A6D382C4B9}.Release|ARM64.ActiveCfg = Release|ARM64
		{E859A194-6BC0-4310-BC9E-A7A6D382C4B9}.Release|ARM64.Build.0 = Release|ARM64
		{BD22054A-A016-4854-8520-D5674020CBE2}.Debug|Any CPU.ActiveCfg = Debug|Any CPU
		{BD22054A-A016-4854-8520-D5674020CBE2}.Debug|Any CPU.Build.0 = Debug|Any CPU
		{BD22054A-A016-4854-8520-D5674020CBE2}.Debug|ARM64.ActiveCfg = Debug|ARM64
		{BD22054A-A016-4854-8520-D5674020CBE2}.Debug|ARM64.Build.0 = Debug|ARM64
		{BD22054A-A016-4854-8520-D5674020CBE2}.Release|Any CPU.ActiveCfg = Release|Any CPU
		{BD22054A-A016-4854-8520-D5674020CBE2}.Release|Any CPU.Build.0 = Release|Any CPU
		{BD22054A-A016-4854-8520-D5674020CBE2}.Release|ARM64.ActiveCfg = Release|ARM64
		{BD22054A-A016-4854-8520-D5674020CBE2}.Release|ARM64.Build.0 = Release|ARM64
		{7A6564B6-1132-437D-AB6E-27F0C62FA51C}.Debug|Any CPU.ActiveCfg = Debug|Any CPU
		{7A6564B6-1132-437D-AB6E-27F0C62FA51C}.Debug|Any CPU.Build.0 = Debug|Any CPU
		{7A6564B6-1132-437D-AB6E-27F0C62FA51C}.Debug|ARM64.ActiveCfg = Debug|Any CPU
		{7A6564B6-1132-437D-AB6E-27F0C62FA51C}.Debug|ARM64.Build.0 = Debug|Any CPU
		{7A6564B6-1132-437D-AB6E-27F0C62FA51C}.Release|Any CPU.ActiveCfg = Release|Any CPU
		{7A6564B6-1132-437D-AB6E-27F0C62FA51C}.Release|Any CPU.Build.0 = Release|Any CPU
		{7A6564B6-1132-437D-AB6E-27F0C62FA51C}.Release|ARM64.ActiveCfg = Release|Any CPU
		{7A6564B6-1132-437D-AB6E-27F0C62FA51C}.Release|ARM64.Build.0 = Release|Any CPU
		{32C9BA60-6723-40A5-B564-F20CE0A0FC86}.Debug|Any CPU.ActiveCfg = Debug|Any CPU
		{32C9BA60-6723-40A5-B564-F20CE0A0FC86}.Debug|Any CPU.Build.0 = Debug|Any CPU
		{32C9BA60-6723-40A5-B564-F20CE0A0FC86}.Debug|ARM64.ActiveCfg = Debug|Any CPU
		{32C9BA60-6723-40A5-B564-F20CE0A0FC86}.Debug|ARM64.Build.0 = Debug|Any CPU
		{32C9BA60-6723-40A5-B564-F20CE0A0FC86}.Release|Any CPU.ActiveCfg = Release|Any CPU
		{32C9BA60-6723-40A5-B564-F20CE0A0FC86}.Release|Any CPU.Build.0 = Release|Any CPU
		{32C9BA60-6723-40A5-B564-F20CE0A0FC86}.Release|ARM64.ActiveCfg = Release|Any CPU
		{32C9BA60-6723-40A5-B564-F20CE0A0FC86}.Release|ARM64.Build.0 = Release|Any CPU
		{ACFF909A-0EAA-4EF8-882A-0A468E3AB30C}.Debug|Any CPU.ActiveCfg = Debug|Any CPU
		{ACFF909A-0EAA-4EF8-882A-0A468E3AB30C}.Debug|Any CPU.Build.0 = Debug|Any CPU
		{ACFF909A-0EAA-4EF8-882A-0A468E3AB30C}.Debug|ARM64.ActiveCfg = Debug|Any CPU
		{ACFF909A-0EAA-4EF8-882A-0A468E3AB30C}.Debug|ARM64.Build.0 = Debug|Any CPU
		{ACFF909A-0EAA-4EF8-882A-0A468E3AB30C}.Release|Any CPU.ActiveCfg = Release|Any CPU
		{ACFF909A-0EAA-4EF8-882A-0A468E3AB30C}.Release|Any CPU.Build.0 = Release|Any CPU
		{ACFF909A-0EAA-4EF8-882A-0A468E3AB30C}.Release|ARM64.ActiveCfg = Release|Any CPU
		{ACFF909A-0EAA-4EF8-882A-0A468E3AB30C}.Release|ARM64.Build.0 = Release|Any CPU
	EndGlobalSection
	GlobalSection(SolutionProperties) = preSolution
		HideSolutionNode = FALSE
	EndGlobalSection
	GlobalSection(NestedProjects) = preSolution
		{2C80009C-E26F-4AC2-891B-AE30745920CC} = {B5BF6AA2-D077-479E-B603-7FAA9547133D}
		{3E0F1FA0-A8EA-4D6F-B64E-D5A8804781A8} = {B5BF6AA2-D077-479E-B603-7FAA9547133D}
		{4FFA64E9-91C0-4A76-806F-B09C9D3D4CAC} = {10B7D156-1826-4732-AC02-9921F942395F}
		{BED01EC0-12BB-4E26-BE40-B9939F3C4016} = {C1522D97-3E91-4397-AA8B-E6DA6955150A}
		{AED31005-0918-4993-975F-3F7BF172BB67} = {82559A32-9052-4C28-A7D4-AB6120AC20AA}
		{CCA101D3-C7AD-4ED2-A90F-714FF77F1A39} = {82559A32-9052-4C28-A7D4-AB6120AC20AA}
		{CEA9D1BA-9F10-4E9D-B5C8-4C69675FEE19} = {B5BF6AA2-D077-479E-B603-7FAA9547133D}
		{182792EF-F154-4B59-BBCD-7A09C04F220A} = {B5BF6AA2-D077-479E-B603-7FAA9547133D}
		{3E866E53-6F0D-4222-9575-2F471D7C468E} = {B5BF6AA2-D077-479E-B603-7FAA9547133D}
		{E859A194-6BC0-4310-BC9E-A7A6D382C4B9} = {B5BF6AA2-D077-479E-B603-7FAA9547133D}
		{BD22054A-A016-4854-8520-D5674020CBE2} = {B5BF6AA2-D077-479E-B603-7FAA9547133D}
		{7A6564B6-1132-437D-AB6E-27F0C62FA51C} = {B5BF6AA2-D077-479E-B603-7FAA9547133D}
		{32C9BA60-6723-40A5-B564-F20CE0A0FC86} = {82559A32-9052-4C28-A7D4-AB6120AC20AA}
		{ACFF909A-0EAA-4EF8-882A-0A468E3AB30C} = {10B7D156-1826-4732-AC02-9921F942395F}
	EndGlobalSection
	GlobalSection(ExtensibilityGlobals) = postSolution
		SolutionGuid = {28DE3E6A-53A6-4B19-B19D-F10FA4259D3B}
	EndGlobalSection
EndGlobal
